
Microsoft Visual Studio Solution File, Format Version 12.00
# Visual Studio Version 17
VisualStudioVersion = 17.2.32630.192
MinimumVisualStudioVersion = 10.0.40219.1
Project("{FAE04EC0-301F-11D3-BF4B-00C04F79EFBC}") = "IdentityMVCDemo", "IdentityMVCDemo\IdentityMVCDemo.csproj", "{3301CEEE-983D-42B3-95A0-5286FC7C7B97}"
EndProject
Global
	GlobalSection(SolutionConfigurationPlatforms) = preSolution
		Debug|Any CPU = Debug|Any CPU
		Release|Any CPU = Release|Any CPU
	EndGlobalSection
	GlobalSection(ProjectConfigurationPlatforms) = postSolution
		{3301CEEE-983D-42B3-95A0-5286FC7C7B97}.Debug|Any CPU.ActiveCfg = Debug|Any CPU
		{3301CEEE-983D-42B3-95A0-5286FC7C7B97}.Debug|Any CPU.Build.0 = Debug|Any CPU
		{3301CEEE-983D-42B3-95A0-5286FC7C7B97}.Release|Any CPU.ActiveCfg = Release|Any CPU
		{3301CEEE-983D-42B3-95A0-5286FC7C7B97}.Release|Any CPU.Build.0 = Release|Any CPU
	EndGlobalSection
	GlobalSection(SolutionProperties) = preSolution
		HideSolutionNode = FALSE
	EndGlobalSection
	GlobalSection(ExtensibilityGlobals) = postSolution
		SolutionGuid = {57941209-A89C-4A21-87E9-ECBC51B636F7}
	EndGlobalSection
EndGlobal
