
Microsoft Visual Studio Solution File, Format Version 12.00
# Visual Studio Version 17
VisualStudioVersion = 17.2.32630.192
MinimumVisualStudioVersion = 10.0.40219.1
Project("{FAE04EC0-301F-11D3-BF4B-00C04F79EFBC}") = "IdentityDemo", "IdentityDemo\IdentityDemo.csproj", "{9BD9CE5C-1FF3-43F4-8D43-24C0E5622420}"
EndProject
Global
	GlobalSection(SolutionConfigurationPlatforms) = preSolution
		Debug|Any CPU = Debug|Any CPU
		Release|Any CPU = Release|Any CPU
	EndGlobalSection
	GlobalSection(ProjectConfigurationPlatforms) = postSolution
		{9BD9CE5C-1FF3-43F4-8D43-24C0E5622420}.Debug|Any CPU.ActiveCfg = Debug|Any CPU
		{9BD9CE5C-1FF3-43F4-8D43-24C0E5622420}.Debug|Any CPU.Build.0 = Debug|Any CPU
		{9BD9CE5C-1FF3-43F4-8D43-24C0E5622420}.Release|Any CPU.ActiveCfg = Release|Any CPU
		{9BD9CE5C-1FF3-43F4-8D43-24C0E5622420}.Release|Any CPU.Build.0 = Release|Any CPU
	EndGlobalSection
	GlobalSection(SolutionProperties) = preSolution
		HideSolutionNode = FALSE
	EndGlobalSection
	GlobalSection(ExtensibilityGlobals) = postSolution
		SolutionGuid = {3EF73FD8-AF43-4B3B-BA2E-87ABE4303774}
	EndGlobalSection
EndGlobal
